dependencies:
- name: postgresql
  repository: https://charts.bitnami.com/bitnami
  version: 12.11.2
- name: redis
  repository: https://charts.bitnami.com/bitnami
  version: 16.12.2
digest: sha256:8f9724518a748d661c89c2b0aa7976d862aca18806d058d8a168f402d8f6044b
generated: "2023-09-21T23:27:26.367493+05:30"
